
Microsoft Visual Studio Solution File, Format Version 12.00
# Visual Studio 15
VisualStudioVersion = 15.0.27130.2020
MinimumVisualStudioVersion = 10.0.40219.1
Project("{8BC9CEB8-8B4A-11D0-8D11-00A0C91BC942}") = "SSD", "CST116SRS06.vcxproj", "{F7E44857-6B8C-4C74-8954-FE69195DFE71}"
EndProject
Project("{2150E333-8FDC-42A3-9474-1A3956D46DE8}") = "Solution Items", "Solution Items", "{F8D94F10-D848-4BE2-BD00-28A848DEDD08}"
	ProjectSection(SolutionItems) = preProject
		..\my_data.txt = ..\my_data.txt
		..\README.md = ..\README.md
		..\Wendell_Data.txt = ..\Wendell_Data.txt
	EndProjectSection
EndProject
Global
	GlobalSection(SolutionConfigurationPlatforms) = preSolution
		Debug|x64 = Debug|x64
		Debug|x86 = Debug|x86
		Release|x64 = Release|x64
		Release|x86 = Release|x86
	EndGlobalSection
	GlobalSection(ProjectConfigurationPlatforms) = postSolution
		{F7E44857-6B8C-4C74-8954-FE69195DFE71}.Debug|x64.ActiveCfg = Debug|x64
		{F7E44857-6B8C-4C74-8954-FE69195DFE71}.Debug|x64.Build.0 = Debug|x64
		{F7E44857-6B8C-4C74-8954-FE69195DFE71}.Debug|x86.ActiveCfg = Debug|Win32
		{F7E44857-6B8C-4C74-8954-FE69195DFE71}.Debug|x86.Build.0 = Debug|Win32
		{F7E44857-6B8C-4C74-8954-FE69195DFE71}.Release|x64.ActiveCfg = Release|x64
		{F7E44857-6B8C-4C74-8954-FE69195DFE71}.Release|x64.Build.0 = Release|x64
		{F7E44857-6B8C-4C74-8954-FE69195DFE71}.Release|x86.ActiveCfg = Release|Win32
		{F7E44857-6B8C-4C74-8954-FE69195DFE71}.Release|x86.Build.0 = Release|Win32
	EndGlobalSection
	GlobalSection(SolutionProperties) = preSolution
		HideSolutionNode = FALSE
	EndGlobalSection
	GlobalSection(ExtensibilityGlobals) = postSolution
		SolutionGuid = {3A629B74-8D8F-4F31-8406-659162DB7F71}
	EndGlobalSection
EndGlobal
